<?xml version="1.0" encoding="utf-8"?>
<Project ToolsVersion="4.0" xmlns="http://schemas.microsoft.com/developer/msbuild/2003">
  <ItemGroup>
    <Filter Include="소스 파일">
      <UniqueIdentifier>{4FC737F1-C7A5-4376-A066-2A32D752A2FF}</UniqueIdentifier>
      <Extensions>cpp;c;cc;cxx;def;odl;idl;hpj;bat;asm;asmx</Extensions>
    </Filter>
    <Filter Include="헤더 파일">
      <UniqueIdentifier>{93995380-89BD-4b04-88EB-625FBE52EBFB}</UniqueIdentifier>
      <Extensions>h;hh;hpp;hxx;hm;inl;inc;xsd</Extensions>
    </Filter>
    <Filter Include="리소스 파일">
      <UniqueIdentifier>{67DA6AB6-F800-4c08-8B7A-83BB121AAD01}</UniqueIdentifier>
      <Extensions>rc;ico;cur;bmp;dlg;rc2;rct;bin;rgs;gif;jpg;jpeg;jpe;resx;tiff;tif;png;wav;mfcribbon-ms</Extensions>
    </Filter>
    <Filter Include="Define">
      <UniqueIdentifier>{a01320c0-3fa4-4a97-8dad-f7a6d0826624}</UniqueIdentifier>
    </Filter>
  </ItemGroup>
  <ItemGroup>
    <Text Include="ReadMe.txt" />
  </ItemGroup>
  <ItemGroup>
    <ClInclude Include="SerialCommTest.h">
      <Filter>헤더 파일</Filter>
    </ClInclude>
    <ClInclude Include="SerialCommTestDlg.h">
      <Filter>헤더 파일</Filter>
    </ClInclude>
    <ClInclude Include="stdafx.h">
      <Filter>헤더 파일</Filter>
    </ClInclude>
    <ClInclude Include="targetver.h">
      <Filter>헤더 파일</Filter>
    </ClInclude>
    <ClInclude Include="Resource.h">
      <Filter>헤더 파일</Filter>
    </ClInclude>
    <ClInclude Include="SerialComm.h">
      <Filter>헤더 파일</Filter>
    </ClInclude>
    <ClInclude Include="define_SerialProtocol.h">
      <Filter>Define</Filter>
    </ClInclude>
    <ClInclude Include="SerialLightDlg.h">
      <Filter>헤더 파일</Filter>
    </ClInclude>
    <ClInclude Include="define_Fuction.h">
      <Filter>Define</Filter>
    </ClInclude>
    <ClInclude Include="define_StaticValue.h">
      <Filter>Define</Filter>
    </ClInclude>
  </ItemGroup>
  <ItemGroup>
    <ClCompile Include="SerialCommTest.cpp">
      <Filter>소스 파일</Filter>
    </ClCompile>
    <ClCompile Include="SerialCommTestDlg.cpp">
      <Filter>소스 파일</Filter>
    </ClCompile>
    <ClCompile Include="stdafx.cpp">
      <Filter>소스 파일</Filter>
    </ClCompile>
    <ClCompile Include="SerialComm.cpp">
      <Filter>소스 파일</Filter>
    </ClCompile>
    <ClCompile Include="SerialLightDlg.cpp">
      <Filter>소스 파일</Filter>
    </ClCompile>
  </ItemGroup>
  <ItemGroup>
    <ResourceCompile Include="SerialCommTest.rc">
      <Filter>리소스 파일</Filter>
    </ResourceCompile>
  </ItemGroup>
  <ItemGroup>
    <None Include="res\SerialCommTest.rc2">
      <Filter>리소스 파일</Filter>
    </None>
  </ItemGroup>
  <ItemGroup>
    <Image Include="res\SerialCommTest.ico">
      <Filter>리소스 파일</Filter>
    </Image>
  </ItemGroup>
</Project>